
Microsoft Visual Studio Solution File, Format Version 12.00
# Visual Studio Version 17
VisualStudioVersion = 17.9.34607.119
MinimumVisualStudioVersion = 10.0.40219.1
Project("{FAE04EC0-301F-11D3-BF4B-00C04F79EFBC}") = "week 2 lesson 7 exercise nr.10", "week 2 lesson 7 exercise nr.10\week 2 lesson 7 exercise nr.10.csproj", "{5429FD18-6E4A-479F-B19F-87176A7180EB}"
EndProject
Global
	GlobalSection(SolutionConfigurationPlatforms) = preSolution
		Debug|Any CPU = Debug|Any CPU
		Release|Any CPU = Release|Any CPU
	EndGlobalSection
	GlobalSection(ProjectConfigurationPlatforms) = postSolution
		{5429FD18-6E4A-479F-B19F-87176A7180EB}.Debug|Any CPU.ActiveCfg = Debug|Any CPU
		{5429FD18-6E4A-479F-B19F-87176A7180EB}.Debug|Any CPU.Build.0 = Debug|Any CPU
		{5429FD18-6E4A-479F-B19F-87176A7180EB}.Release|Any CPU.ActiveCfg = Release|Any CPU
		{5429FD18-6E4A-479F-B19F-87176A7180EB}.Release|Any CPU.Build.0 = Release|Any CPU
	EndGlobalSection
	GlobalSection(SolutionProperties) = preSolution
		HideSolutionNode = FALSE
	EndGlobalSection
	GlobalSection(ExtensibilityGlobals) = postSolution
		SolutionGuid = {3C6A6532-C041-4377-8CD8-329B9976BA05}
	EndGlobalSection
EndGlobal
